{
  "nodes": {
    "flake-parts": {
      "inputs": {
        "nixpkgs-lib": "nixpkgs-lib"
      },
      "locked": {
        "lastModified": 1749398372,
        "narHash": "sha256-tYBdgS56eXYaWVW3fsnPQ/nFlgWi/Z2Ymhyu21zVM98=",
        "owner": "hercules-ci",
        "repo": "flake-parts",
        "rev": "9305fe4e5c2a6fcf5ba6a3ff155720fbe4076569",
        "type": "github"
      },
      "original": {
        "owner": "hercules-ci",
        "repo": "flake-parts",
        "type": "github"
      }
    },
    "flake-utils": {
      "inputs": {
        "systems": "systems"
      },
      "locked": {
        "lastModified": 1731533236,
        "narHash": "sha256-l0KFg5HjrsfsO/JpG+r7fRrqm12kzFHyUHqHCVpMMbI=",
        "owner": "numtide",
        "repo": "flake-utils",
        "rev": "11707dc2f618dd54ca8739b309ec4fc024de578b",
        "type": "github"
      },
      "original": {
        "owner": "numtide",
        "repo": "flake-utils",
        "type": "github"
      }
    },
    "gepetto": {
      "inputs": {
        "flake-parts": "flake-parts",
        "nix-ros-overlay": "nix-ros-overlay",
        "nix-system-graphics": "nix-system-graphics",
        "nixpkgs": [
          "gepetto",
          "nix-ros-overlay",
          "nixpkgs"
        ],
        "src-agimus-controller": "src-agimus-controller",
        "src-agimus-msgs": "src-agimus-msgs",
        "src-colmpc": "src-colmpc",
        "src-example-parallel-robots": "src-example-parallel-robots",
        "src-franka-description": "src-franka-description",
        "src-gepetto-viewer": "src-gepetto-viewer",
        "src-odri-control-interface": "src-odri-control-interface",
        "src-odri-masterboard-sdk": "src-odri-masterboard-sdk",
        "src-toolbox-parallel-robots": "src-toolbox-parallel-robots",
        "system-manager": "system-manager",
        "systems": [
          "gepetto",
          "nix-ros-overlay",
          "flake-utils",
          "systems"
        ],
        "treefmt-nix": "treefmt-nix"
      },
      "locked": {
        "lastModified": 1750322110,
        "narHash": "sha256-i/gI7riF4NfaMGwH6GQM039Yo4TAYmZi1ZmmOLNQC20=",
        "owner": "gepetto",
        "repo": "nix",
        "rev": "9551cbf6785fa7f621e2cc57a1134aade1c5d459",
        "type": "github"
      },
      "original": {
        "owner": "gepetto",
        "ref": "module",
        "repo": "nix",
        "type": "github"
      }
    },
    "nix-ros-overlay": {
      "inputs": {
        "flake-utils": "flake-utils",
        "nixpkgs": "nixpkgs"
      },
      "locked": {
        "lastModified": 1748720382,
        "narHash": "sha256-8CC1XSJMO+6LU9LOm58u4dqjHTb6dpRFXv+YoA2EO98=",
        "owner": "lopsided98",
        "repo": "nix-ros-overlay",
        "rev": "2435baa8acbd4bf244551dff13a42978f8075319",
        "type": "github"
      },
      "original": {
        "owner": "lopsided98",
        "ref": "develop",
        "repo": "nix-ros-overlay",
        "type": "github"
      }
    },
    "nix-system-graphics": {
      "inputs": {
        "nixpkgs": [
          "gepetto",
          "nixpkgs"
        ]
      },
      "locked": {
        "lastModified": 1737457219,
        "narHash": "sha256-nX9dxoATDCSQgWw/iv6BngXDJEyHVYYEvHEVQ7Ig3fI=",
        "owner": "soupglasses",
        "repo": "nix-system-graphics",
        "rev": "9c875e0c56cf2eb272b9102a4f3e24e4e31629fd",
        "type": "github"
      },
      "original": {
        "owner": "soupglasses",
        "repo": "nix-system-graphics",
        "type": "github"
      }
    },
    "nixpkgs": {
      "locked": {
        "lastModified": 1744849697,
        "narHash": "sha256-S9hqvanPSeRu6R4cw0OhvH1rJ+4/s9xIban9C4ocM/0=",
        "owner": "lopsided98",
        "repo": "nixpkgs",
        "rev": "6318f538166fef9f5118d8d78b9b43a04bb049e4",
        "type": "github"
      },
      "original": {
        "owner": "lopsided98",
        "ref": "nix-ros",
        "repo": "nixpkgs",
        "type": "github"
      }
    },
    "nixpkgs-lib": {
      "locked": {
        "lastModified": 1748740939,
        "narHash": "sha256-rQaysilft1aVMwF14xIdGS3sj1yHlI6oKQNBRTF40cc=",
        "owner": "nix-community",
        "repo": "nixpkgs.lib",
        "rev": "656a64127e9d791a334452c6b6606d17539476e2",
        "type": "github"
      },
      "original": {
        "owner": "nix-community",
        "repo": "nixpkgs.lib",
        "type": "github"
      }
    },
    "root": {
      "inputs": {
        "flake-parts": [
          "gepetto",
          "flake-parts"
        ],
        "gepetto": "gepetto",
        "nix-ros-overlay": [
          "gepetto",
          "nix-ros-overlay"
        ],
        "nixpkgs": [
          "gepetto",
          "nixpkgs"
        ],
        "systems": [
          "gepetto",
          "systems"
        ],
        "treefmt-nix": [
          "gepetto",
          "treefmt-nix"
        ]
      }
    },
    "src-agimus-controller": {
      "flake": false,
      "locked": {
        "lastModified": 1749731028,
        "narHash": "sha256-bIr3xoTh17c8VUdKRaqBTeiAB95BW7Bg90y+5SV7DNQ=",
        "owner": "agimus-project",
        "repo": "agimus_controller",
        "rev": "50f01adc08403edc4547b8b1669cf68b5dbc2213",
        "type": "github"
      },
      "original": {
        "owner": "agimus-project",
        "repo": "agimus_controller",
        "type": "github"
      }
    },
    "src-agimus-msgs": {
      "flake": false,
      "locked": {
        "lastModified": 1749650498,
        "narHash": "sha256-B57+3R1FbltUcvhWc/yvI1osAk53W5+2NIJenVb7v6I=",
        "owner": "agimus-project",
        "repo": "agimus_msgs",
        "rev": "5797b82a06c3783f3ca4df61ceab855dbf408ed2",
        "type": "github"
      },
      "original": {
        "owner": "agimus-project",
        "repo": "agimus_msgs",
        "type": "github"
      }
    },
    "src-colmpc": {
      "flake": false,
      "locked": {
        "lastModified": 1749492298,
        "narHash": "sha256-Xwwax093FfO/fE68mTXDJF72VhjiQ4sAWPbJOse0Yq4=",
        "owner": "agimus-project",
        "repo": "colmpc",
        "rev": "88af86baff68f7ea547ea02104b65d43f3f96cf2",
        "type": "github"
      },
      "original": {
        "owner": "agimus-project",
        "repo": "colmpc",
        "type": "github"
      }
    },
    "src-example-parallel-robots": {
      "flake": false,
      "locked": {
        "lastModified": 1747686798,
        "narHash": "sha256-UXtJkwoKXYTw90moFr5E1sHHhc1czdHuq2r3wxDIBAE=",
        "owner": "gepetto",
        "repo": "example-parallel-robots",
        "rev": "56fefa6437a4554c81c3b5db7efdc91bea292fdc",
        "type": "github"
      },
      "original": {
        "owner": "gepetto",
        "repo": "example-parallel-robots",
        "type": "github"
      }
    },
    "src-franka-description": {
      "flake": false,
      "locked": {
        "lastModified": 1749645759,
        "narHash": "sha256-d65XknAdPQKrZUtXSNmv3e/AK3wVxjkzJ+9U/FJLIdQ=",
        "owner": "agimus-project",
        "repo": "franka_description",
        "rev": "029aec1704aebc400a0fcd95207fbd283bd2008c",
        "type": "github"
      },
      "original": {
        "owner": "agimus-project",
        "repo": "franka_description",
        "type": "github"
      }
    },
    "src-gepetto-viewer": {
      "flake": false,
      "locked": {
        "lastModified": 1745404179,
        "narHash": "sha256-mxWRXw0Lh3PpuX8u72ytWVWPPt2Qb8eNJdBf9twweUQ=",
        "owner": "Gepetto",
        "repo": "gepetto-viewer",
        "rev": "c23c86ea979b7591c38100f8667d3c3398626273",
        "type": "github"
      },
      "original": {
        "owner": "Gepetto",
        "ref": "devel",
        "repo": "gepetto-viewer",
        "type": "github"
      }
    },
    "src-odri-control-interface": {
      "flake": false,
      "locked": {
        "lastModified": 1748957655,
        "narHash": "sha256-YhZ8yzgUiN/ZeU/j1cGUEnKycjSD9WOJjMbkqmr+cag=",
        "owner": "gwennlbh",
        "repo": "odri_control_interface",
        "rev": "6cfbb67f0d2764d84bdeb91dcf7698bf67799e03",
        "type": "github"
      },
      "original": {
        "owner": "gwennlbh",
        "ref": "nix",
        "repo": "odri_control_interface",
        "type": "github"
      }
    },
    "src-odri-masterboard-sdk": {
      "flake": false,
      "locked": {
        "lastModified": 1748957693,
        "narHash": "sha256-Z1u12eXOw7mabincVOTmmlVCNPbQubuVMyqQ+INSqww=",
        "owner": "gwennlbh",
        "repo": "master-board",
        "rev": "75eadd8649f0a13248d6e8a0913213ca80c52ea3",
        "type": "github"
      },
      "original": {
        "owner": "gwennlbh",
        "ref": "nix",
        "repo": "master-board",
        "type": "github"
      }
    },
    "src-toolbox-parallel-robots": {
      "flake": false,
      "locked": {
        "lastModified": 1747686858,
        "narHash": "sha256-uX8U/plHRs2eQNRDlm6KU5EgHrIj33o7dO7cA6EM/Ek=",
        "owner": "gepetto",
        "repo": "toolbox-parallel-robots",
        "rev": "f123c491d15cadad6133af353c50560fce2e678b",
        "type": "github"
      },
      "original": {
        "owner": "gepetto",
        "repo": "toolbox-parallel-robots",
        "type": "github"
      }
    },
    "system-manager": {
      "inputs": {
        "nixpkgs": [
          "gepetto",
          "nixpkgs"
        ]
      },
      "locked": {
        "lastModified": 1748252092,
        "narHash": "sha256-6nL55wvV7SthEXaXDiQo8xxkxQLAVcNBU21YJ7GJLm8=",
        "owner": "numtide",
        "repo": "system-manager",
        "rev": "c6850451ef769fd03d0ad5474f928b916aa23775",
        "type": "github"
      },
      "original": {
        "owner": "numtide",
        "repo": "system-manager",
        "type": "github"
      }
    },
    "systems": {
      "locked": {
        "lastModified": 1681028828,
        "narHash": "sha256-Vy1rq5AaRuLzOxct8nz4T6wlgyUR7zLU309k9mBC768=",
        "owner": "nix-systems",
        "repo": "default",
        "rev": "da67096a3b9bf56a91d16901293e51ba5b49a27e",
        "type": "github"
      },
      "original": {
        "owner": "nix-systems",
        "repo": "default",
        "type": "github"
      }
    },
    "treefmt-nix": {
      "inputs": {
        "nixpkgs": [
          "gepetto",
          "nixpkgs"
        ]
      },
      "locked": {
        "lastModified": 1749194973,
        "narHash": "sha256-eEy8cuS0mZ2j/r/FE0/LYBSBcIs/MKOIVakwHVuqTfk=",
        "owner": "numtide",
        "repo": "treefmt-nix",
        "rev": "a05be418a1af1198ca0f63facb13c985db4cb3c5",
        "type": "github"
      },
      "original": {
        "owner": "numtide",
        "repo": "treefmt-nix",
        "type": "github"
      }
    }
  },
  "root": "root",
  "version": 7
}
