{
  "nodes": {
    "flake-parts": {
      "inputs": {
        "nixpkgs-lib": "nixpkgs-lib"
      },
      "locked": {
        "lastModified": 1754091436,
        "narHash": "sha256-XKqDMN1/Qj1DKivQvscI4vmHfDfvYR2pfuFOJiCeewM=",
        "owner": "hercules-ci",
        "repo": "flake-parts",
        "rev": "67df8c627c2c39c41dbec76a1f201929929ab0bd",
        "type": "github"
      },
      "original": {
        "owner": "hercules-ci",
        "repo": "flake-parts",
        "type": "github"
      }
    },
    "flake-utils": {
      "inputs": {
        "systems": "systems"
      },
      "locked": {
        "lastModified": 1731533236,
        "narHash": "sha256-l0KFg5HjrsfsO/JpG+r7fRrqm12kzFHyUHqHCVpMMbI=",
        "owner": "numtide",
        "repo": "flake-utils",
        "rev": "11707dc2f618dd54ca8739b309ec4fc024de578b",
        "type": "github"
      },
      "original": {
        "owner": "numtide",
        "repo": "flake-utils",
        "type": "github"
      }
    },
    "gepetto": {
      "inputs": {
        "flake-parts": "flake-parts",
        "nix-ros-overlay": "nix-ros-overlay",
        "nix-system-graphics": "nix-system-graphics",
        "nixpkgs": [
          "gepetto",
          "nix-ros-overlay",
          "nixpkgs"
        ],
        "src-agimus-controller": "src-agimus-controller",
        "src-agimus-msgs": "src-agimus-msgs",
        "src-colmpc": "src-colmpc",
        "src-example-parallel-robots": "src-example-parallel-robots",
        "src-franka-description": "src-franka-description",
        "src-gepetto-viewer": "src-gepetto-viewer",
        "src-odri-control-interface": "src-odri-control-interface",
        "src-odri-masterboard-sdk": "src-odri-masterboard-sdk",
        "src-toolbox-parallel-robots": "src-toolbox-parallel-robots",
        "system-manager": "system-manager",
        "systems": [
          "gepetto",
          "nix-ros-overlay",
          "flake-utils",
          "systems"
        ],
        "treefmt-nix": "treefmt-nix"
      },
      "locked": {
        "lastModified": 1754185568,
        "narHash": "sha256-4KD/7szk6fh1WzVUGQM/cj1r7jnoMT5etIdOLH3zceM=",
        "owner": "gepetto",
        "repo": "nix",
        "rev": "2e9ba34765a01345dad5862105285ed0a639be5c",
        "type": "github"
      },
      "original": {
        "owner": "gepetto",
        "repo": "nix",
        "type": "github"
      }
    },
    "nix-ros-overlay": {
      "inputs": {
        "flake-utils": "flake-utils",
        "nixpkgs": "nixpkgs"
      },
      "locked": {
        "lastModified": 1748720382,
        "narHash": "sha256-8CC1XSJMO+6LU9LOm58u4dqjHTb6dpRFXv+YoA2EO98=",
        "owner": "lopsided98",
        "repo": "nix-ros-overlay",
        "rev": "2435baa8acbd4bf244551dff13a42978f8075319",
        "type": "github"
      },
      "original": {
        "owner": "lopsided98",
        "ref": "develop",
        "repo": "nix-ros-overlay",
        "type": "github"
      }
    },
    "nix-system-graphics": {
      "inputs": {
        "nixpkgs": [
          "gepetto",
          "nixpkgs"
        ]
      },
      "locked": {
        "lastModified": 1737457219,
        "narHash": "sha256-nX9dxoATDCSQgWw/iv6BngXDJEyHVYYEvHEVQ7Ig3fI=",
        "owner": "soupglasses",
        "repo": "nix-system-graphics",
        "rev": "9c875e0c56cf2eb272b9102a4f3e24e4e31629fd",
        "type": "github"
      },
      "original": {
        "owner": "soupglasses",
        "repo": "nix-system-graphics",
        "type": "github"
      }
    },
    "nixpkgs": {
      "locked": {
        "lastModified": 1744849697,
        "narHash": "sha256-S9hqvanPSeRu6R4cw0OhvH1rJ+4/s9xIban9C4ocM/0=",
        "owner": "lopsided98",
        "repo": "nixpkgs",
        "rev": "6318f538166fef9f5118d8d78b9b43a04bb049e4",
        "type": "github"
      },
      "original": {
        "owner": "lopsided98",
        "ref": "nix-ros",
        "repo": "nixpkgs",
        "type": "github"
      }
    },
    "nixpkgs-lib": {
      "locked": {
        "lastModified": 1753579242,
        "narHash": "sha256-zvaMGVn14/Zz8hnp4VWT9xVnhc8vuL3TStRqwk22biA=",
        "owner": "nix-community",
        "repo": "nixpkgs.lib",
        "rev": "0f36c44e01a6129be94e3ade315a5883f0228a6e",
        "type": "github"
      },
      "original": {
        "owner": "nix-community",
        "repo": "nixpkgs.lib",
        "type": "github"
      }
    },
    "root": {
      "inputs": {
        "flake-parts": [
          "gepetto",
          "flake-parts"
        ],
        "gepetto": "gepetto",
        "nix-ros-overlay": [
          "gepetto",
          "nix-ros-overlay"
        ],
        "nixpkgs": [
          "gepetto",
          "nixpkgs"
        ],
        "systems": [
          "gepetto",
          "systems"
        ],
        "treefmt-nix": [
          "gepetto",
          "treefmt-nix"
        ]
      }
    },
    "src-agimus-controller": {
      "flake": false,
      "locked": {
        "lastModified": 1753880086,
        "narHash": "sha256-1hH4qnxrDB/CenzzLQhjFGVHS2v3wgTDF1lttt4aFmE=",
        "owner": "agimus-project",
        "repo": "agimus_controller",
        "rev": "bd1b82e32d5d511dd80132d5adbbc004f931d9e7",
        "type": "github"
      },
      "original": {
        "owner": "agimus-project",
        "repo": "agimus_controller",
        "type": "github"
      }
    },
    "src-agimus-msgs": {
      "flake": false,
      "locked": {
        "lastModified": 1752045606,
        "narHash": "sha256-fsRPfgu7IIbHu8gBm929ocRHYvdszhK/3a8DXknDuoQ=",
        "owner": "agimus-project",
        "repo": "agimus_msgs",
        "rev": "51db51f10de4b662363f3f5fe844cf3a789e2e51",
        "type": "github"
      },
      "original": {
        "owner": "agimus-project",
        "repo": "agimus_msgs",
        "type": "github"
      }
    },
    "src-colmpc": {
      "flake": false,
      "locked": {
        "lastModified": 1753726233,
        "narHash": "sha256-NKhAa9OJYtWkNA+2uaz5v411FycUE6Up9N/1/OTTE0s=",
        "owner": "agimus-project",
        "repo": "colmpc",
        "rev": "2f06c3bd80938a74a3685eee9812e9423fde94e7",
        "type": "github"
      },
      "original": {
        "owner": "agimus-project",
        "repo": "colmpc",
        "type": "github"
      }
    },
    "src-example-parallel-robots": {
      "flake": false,
      "locked": {
        "lastModified": 1747686798,
        "narHash": "sha256-UXtJkwoKXYTw90moFr5E1sHHhc1czdHuq2r3wxDIBAE=",
        "owner": "gepetto",
        "repo": "example-parallel-robots",
        "rev": "56fefa6437a4554c81c3b5db7efdc91bea292fdc",
        "type": "github"
      },
      "original": {
        "owner": "gepetto",
        "repo": "example-parallel-robots",
        "type": "github"
      }
    },
    "src-franka-description": {
      "flake": false,
      "locked": {
        "lastModified": 1750931117,
        "narHash": "sha256-gzCwwjBcCj/TlF5kdn48ffaDsEocXcNohPddTy1GZL0=",
        "owner": "agimus-project",
        "repo": "franka_description",
        "rev": "e9870ab14bb0d0b2ef6dd71c1c29bad1fe8fa076",
        "type": "github"
      },
      "original": {
        "owner": "agimus-project",
        "repo": "franka_description",
        "type": "github"
      }
    },
    "src-gepetto-viewer": {
      "flake": false,
      "locked": {
        "lastModified": 1745404179,
        "narHash": "sha256-mxWRXw0Lh3PpuX8u72ytWVWPPt2Qb8eNJdBf9twweUQ=",
        "owner": "Gepetto",
        "repo": "gepetto-viewer",
        "rev": "c23c86ea979b7591c38100f8667d3c3398626273",
        "type": "github"
      },
      "original": {
        "owner": "Gepetto",
        "ref": "devel",
        "repo": "gepetto-viewer",
        "type": "github"
      }
    },
    "src-odri-control-interface": {
      "flake": false,
      "locked": {
        "lastModified": 1749138911,
        "narHash": "sha256-+x+1NxiTwyg5Pwd1oBUMG3Z+eIj+VtVIRFvdPpXStU8=",
        "owner": "gwennlbh",
        "repo": "odri_control_interface",
        "rev": "1137873714fd326fd3ab86cc5632bae72f965866",
        "type": "github"
      },
      "original": {
        "owner": "gwennlbh",
        "ref": "nix",
        "repo": "odri_control_interface",
        "type": "github"
      }
    },
    "src-odri-masterboard-sdk": {
      "flake": false,
      "locked": {
        "lastModified": 1749026399,
        "narHash": "sha256-0VhxOdC2cQwAJfAdHfeHovXrj9jrWb56F35rPN/u+eA=",
        "owner": "gwennlbh",
        "repo": "master-board",
        "rev": "facc7f954294523a0f4b8389ac89fabad4c536db",
        "type": "github"
      },
      "original": {
        "owner": "gwennlbh",
        "ref": "nix",
        "repo": "master-board",
        "type": "github"
      }
    },
    "src-toolbox-parallel-robots": {
      "flake": false,
      "locked": {
        "lastModified": 1747686858,
        "narHash": "sha256-uX8U/plHRs2eQNRDlm6KU5EgHrIj33o7dO7cA6EM/Ek=",
        "owner": "gepetto",
        "repo": "toolbox-parallel-robots",
        "rev": "f123c491d15cadad6133af353c50560fce2e678b",
        "type": "github"
      },
      "original": {
        "owner": "gepetto",
        "repo": "toolbox-parallel-robots",
        "type": "github"
      }
    },
    "system-manager": {
      "inputs": {
        "nixpkgs": [
          "gepetto",
          "nixpkgs"
        ]
      },
      "locked": {
        "lastModified": 1754135474,
        "narHash": "sha256-tZ8SXR80gcy8lqa1DD6/CNH9oQ1kOFw/cJihcn5/1M0=",
        "owner": "numtide",
        "repo": "system-manager",
        "rev": "7865b4a207e46afa5c2e264de550730f8e281176",
        "type": "github"
      },
      "original": {
        "owner": "numtide",
        "repo": "system-manager",
        "type": "github"
      }
    },
    "systems": {
      "locked": {
        "lastModified": 1681028828,
        "narHash": "sha256-Vy1rq5AaRuLzOxct8nz4T6wlgyUR7zLU309k9mBC768=",
        "owner": "nix-systems",
        "repo": "default",
        "rev": "da67096a3b9bf56a91d16901293e51ba5b49a27e",
        "type": "github"
      },
      "original": {
        "owner": "nix-systems",
        "repo": "default",
        "type": "github"
      }
    },
    "treefmt-nix": {
      "inputs": {
        "nixpkgs": [
          "gepetto",
          "nixpkgs"
        ]
      },
      "locked": {
        "lastModified": 1754061284,
        "narHash": "sha256-ONcNxdSiPyJ9qavMPJYAXDNBzYobHRxw0WbT38lKbwU=",
        "owner": "numtide",
        "repo": "treefmt-nix",
        "rev": "58bd4da459f0a39e506847109a2a5cfceb837796",
        "type": "github"
      },
      "original": {
        "owner": "numtide",
        "repo": "treefmt-nix",
        "type": "github"
      }
    }
  },
  "root": "root",
  "version": 7
}
